
Microsoft Visual Studio Solution File, Format Version 12.00
# Visual Studio Version 17
VisualStudioVersion = 17.9.34714.143
MinimumVisualStudioVersion = 10.0.40219.1
Project("{9A19103F-16F7-4668-BE54-9A1E7A4F7556}") = "MOLToXYZCLI", "MOLToXYZCLI.csproj", "{A194A784-80C5-4D8E-8FBF-67459F0D9041}"
EndProject
Global
	GlobalSection(SolutionConfigurationPlatforms) = preSolution
		Debug|Any CPU = Debug|Any CPU
		Debug|x86 = Debug|x86
		Release|Any CPU = Release|Any CPU
		Release|x86 = Release|x86
	EndGlobalSection
	GlobalSection(ProjectConfigurationPlatforms) = postSolution
		{A194A784-80C5-4D8E-8FBF-67459F0D9041}.Debug|Any CPU.ActiveCfg = Debug|Any CPU
		{A194A784-80C5-4D8E-8FBF-67459F0D9041}.Debug|Any CPU.Build.0 = Debug|Any CPU
		{A194A784-80C5-4D8E-8FBF-67459F0D9041}.Debug|x86.ActiveCfg = Debug|Any CPU
		{A194A784-80C5-4D8E-8FBF-67459F0D9041}.Debug|x86.Build.0 = Debug|Any CPU
		{A194A784-80C5-4D8E-8FBF-67459F0D9041}.Release|Any CPU.ActiveCfg = Release|Any CPU
		{A194A784-80C5-4D8E-8FBF-67459F0D9041}.Release|Any CPU.Build.0 = Release|Any CPU
		{A194A784-80C5-4D8E-8FBF-67459F0D9041}.Release|x86.ActiveCfg = Release|Any CPU
		{A194A784-80C5-4D8E-8FBF-67459F0D9041}.Release|x86.Build.0 = Release|Any CPU
	EndGlobalSection
	GlobalSection(SolutionProperties) = preSolution
		HideSolutionNode = FALSE
	EndGlobalSection
	GlobalSection(ExtensibilityGlobals) = postSolution
		SolutionGuid = {B7308740-0836-44E1-BAF6-0B1E5F5DA370}
	EndGlobalSection
EndGlobal
